
Microsoft Visual Studio Solution File, Format Version 12.00
Project("{FAE04EC0-301F-11D3-BF4B-00C04F79EFBC}") = "ViLA", "ViLA\ViLA.csproj", "{BC24A37D-61F7-42F4-A622-F6E153D15D53}"
EndProject
Global
	GlobalSection(SolutionConfigurationPlatforms) = preSolution
		Debug|Any CPU = Debug|Any CPU
		Release|Any CPU = Release|Any CPU
	EndGlobalSection
	GlobalSection(ProjectConfigurationPlatforms) = postSolution
		{BC24A37D-61F7-42F4-A622-F6E153D15D53}.Debug|Any CPU.ActiveCfg = Debug|Any CPU
		{BC24A37D-61F7-42F4-A622-F6E153D15D53}.Debug|Any CPU.Build.0 = Debug|Any CPU
		{BC24A37D-61F7-42F4-A622-F6E153D15D53}.Release|Any CPU.ActiveCfg = Release|Any CPU
		{BC24A37D-61F7-42F4-A622-F6E153D15D53}.Release|Any CPU.Build.0 = Release|Any CPU
	EndGlobalSection
EndGlobal
